{
  "name": "GameGeekt",
  "lockfileVersion": 2,
  "requires": true,
  "packages": {
    "": {
      "dependencies": {
        "react-chrome-dino": "^0.1.3"
      }
    },
    "node_modules/react-chrome-dino": {
      "version": "0.1.3",
      "resolved": "https://registry.npmjs.org/react-chrome-dino/-/react-chrome-dino-0.1.3.tgz",
      "integrity": "sha512-MrQ+gixctthQbMiT1tc2aNIKEskxGnXVGq0CdpzSLdY8zLeDUacmKEzuU0B3em7LY4R+nFY3xlb4S+63G1F53A=="
    }
  },
  "dependencies": {
    "react-chrome-dino": {
      "version": "0.1.3",
      "resolved": "https://registry.npmjs.org/react-chrome-dino/-/react-chrome-dino-0.1.3.tgz",
      "integrity": "sha512-MrQ+gixctthQbMiT1tc2aNIKEskxGnXVGq0CdpzSLdY8zLeDUacmKEzuU0B3em7LY4R+nFY3xlb4S+63G1F53A=="
    }
  }
}
